
Microsoft Visual Studio Solution File, Format Version 12.00
# Visual Studio 15
VisualStudioVersion = 15.0.27703.2042
MinimumVisualStudioVersion = 10.0.40219.1
Project("{FAE04EC0-301F-11D3-BF4B-00C04F79EFBC}") = "massivy1", "massivy1\massivy1.csproj", "{5080F72A-7487-4547-996C-4DF569CE368A}"
EndProject
Project("{FAE04EC0-301F-11D3-BF4B-00C04F79EFBC}") = "massivy2", "massivy2\massivy2.csproj", "{B0853ACA-9C22-4B9B-A4CE-8DBE8A499FE8}"
EndProject
Project("{FAE04EC0-301F-11D3-BF4B-00C04F79EFBC}") = "massivy3", "massivy3\massivy3.csproj", "{07B2928E-9DAC-472A-B4B7-EBAE4868F78A}"
EndProject
Project("{FAE04EC0-301F-11D3-BF4B-00C04F79EFBC}") = "massivy4", "massivy4\massivy4.csproj", "{FBA051B0-338A-4748-AD57-FFFE0D6B8E76}"
EndProject
Project("{FAE04EC0-301F-11D3-BF4B-00C04F79EFBC}") = "massivy5", "massivy5\massivy5.csproj", "{147B3CE5-5FB8-46EC-8BE2-E4824B842745}"
EndProject
Global
	GlobalSection(SolutionConfigurationPlatforms) = preSolution
		Debug|Any CPU = Debug|Any CPU
		Release|Any CPU = Release|Any CPU
	EndGlobalSection
	GlobalSection(ProjectConfigurationPlatforms) = postSolution
		{5080F72A-7487-4547-996C-4DF569CE368A}.Debug|Any CPU.ActiveCfg = Debug|Any CPU
		{5080F72A-7487-4547-996C-4DF569CE368A}.Debug|Any CPU.Build.0 = Debug|Any CPU
		{5080F72A-7487-4547-996C-4DF569CE368A}.Release|Any CPU.ActiveCfg = Release|Any CPU
		{5080F72A-7487-4547-996C-4DF569CE368A}.Release|Any CPU.Build.0 = Release|Any CPU
		{B0853ACA-9C22-4B9B-A4CE-8DBE8A499FE8}.Debug|Any CPU.ActiveCfg = Debug|Any CPU
		{B0853ACA-9C22-4B9B-A4CE-8DBE8A499FE8}.Debug|Any CPU.Build.0 = Debug|Any CPU
		{B0853ACA-9C22-4B9B-A4CE-8DBE8A499FE8}.Release|Any CPU.ActiveCfg = Release|Any CPU
		{B0853ACA-9C22-4B9B-A4CE-8DBE8A499FE8}.Release|Any CPU.Build.0 = Release|Any CPU
		{07B2928E-9DAC-472A-B4B7-EBAE4868F78A}.Debug|Any CPU.ActiveCfg = Debug|Any CPU
		{07B2928E-9DAC-472A-B4B7-EBAE4868F78A}.Debug|Any CPU.Build.0 = Debug|Any CPU
		{07B2928E-9DAC-472A-B4B7-EBAE4868F78A}.Release|Any CPU.ActiveCfg = Release|Any CPU
		{07B2928E-9DAC-472A-B4B7-EBAE4868F78A}.Release|Any CPU.Build.0 = Release|Any CPU
		{FBA051B0-338A-4748-AD57-FFFE0D6B8E76}.Debug|Any CPU.ActiveCfg = Debug|Any CPU
		{FBA051B0-338A-4748-AD57-FFFE0D6B8E76}.Debug|Any CPU.Build.0 = Debug|Any CPU
		{FBA051B0-338A-4748-AD57-FFFE0D6B8E76}.Release|Any CPU.ActiveCfg = Release|Any CPU
		{FBA051B0-338A-4748-AD57-FFFE0D6B8E76}.Release|Any CPU.Build.0 = Release|Any CPU
		{147B3CE5-5FB8-46EC-8BE2-E4824B842745}.Debug|Any CPU.ActiveCfg = Debug|Any CPU
		{147B3CE5-5FB8-46EC-8BE2-E4824B842745}.Debug|Any CPU.Build.0 = Debug|Any CPU
		{147B3CE5-5FB8-46EC-8BE2-E4824B842745}.Release|Any CPU.ActiveCfg = Release|Any CPU
		{147B3CE5-5FB8-46EC-8BE2-E4824B842745}.Release|Any CPU.Build.0 = Release|Any CPU
	EndGlobalSection
	GlobalSection(SolutionProperties) = preSolution
		HideSolutionNode = FALSE
	EndGlobalSection
	GlobalSection(ExtensibilityGlobals) = postSolution
		SolutionGuid = {D990CAF7-5605-454E-9E14-47C972E7E99F}
	EndGlobalSection
EndGlobal
